
Microsoft Visual Studio Solution File, Format Version 12.00
# Visual Studio 14
VisualStudioVersion = 14.0.23107.0
MinimumVisualStudioVersion = 10.0.40219.1
Project("{FAE04EC0-301F-11D3-BF4B-00C04F79EFBC}") = "Clase4", "Clase4\Clase4.csproj", "{80138DA6-E4DA-41EF-A1BC-0DEF3CD31ECA}"
EndProject
Global
	GlobalSection(SolutionConfigurationPlatforms) = preSolution
		Debug|Any CPU = Debug|Any CPU
		Release|Any CPU = Release|Any CPU
	EndGlobalSection
	GlobalSection(ProjectConfigurationPlatforms) = postSolution
		{80138DA6-E4DA-41EF-A1BC-0DEF3CD31ECA}.Debug|Any CPU.ActiveCfg = Debug|Any CPU
		{80138DA6-E4DA-41EF-A1BC-0DEF3CD31ECA}.Debug|Any CPU.Build.0 = Debug|Any CPU
		{80138DA6-E4DA-41EF-A1BC-0DEF3CD31ECA}.Release|Any CPU.ActiveCfg = Release|Any CPU
		{80138DA6-E4DA-41EF-A1BC-0DEF3CD31ECA}.Release|Any CPU.Build.0 = Release|Any CPU
	EndGlobalSection
	GlobalSection(SolutionProperties) = preSolution
		HideSolutionNode = FALSE
	EndGlobalSection
EndGlobal
